
Microsoft Visual Studio Solution File, Format Version 12.00
# Visual Studio Version 17
VisualStudioVersion = 17.5.33516.290
MinimumVisualStudioVersion = 10.0.40219.1
Project("{FAE04EC0-301F-11D3-BF4B-00C04F79EFBC}") = "Sprint 0", "SOSgame\Sprint 0.csproj", "{F4651D3A-1132-4BDF-BA29-6A14ADD90896}"
EndProject
Project("{FAE04EC0-301F-11D3-BF4B-00C04F79EFBC}") = "UnitTestSprint0", "UnitTestSOSgame\UnitTestSprint0.csproj", "{82319A6B-5ACA-42AE-88A3-4C30F065C20E}"
EndProject
Global
	GlobalSection(SolutionConfigurationPlatforms) = preSolution
		Debug|Any CPU = Debug|Any CPU
		Release|Any CPU = Release|Any CPU
	EndGlobalSection
	GlobalSection(ProjectConfigurationPlatforms) = postSolution
		{F4651D3A-1132-4BDF-BA29-6A14ADD90896}.Debug|Any CPU.ActiveCfg = Debug|Any CPU
		{F4651D3A-1132-4BDF-BA29-6A14ADD90896}.Debug|Any CPU.Build.0 = Debug|Any CPU
		{F4651D3A-1132-4BDF-BA29-6A14ADD90896}.Release|Any CPU.ActiveCfg = Release|Any CPU
		{F4651D3A-1132-4BDF-BA29-6A14ADD90896}.Release|Any CPU.Build.0 = Release|Any CPU
		{82319A6B-5ACA-42AE-88A3-4C30F065C20E}.Debug|Any CPU.ActiveCfg = Debug|Any CPU
		{82319A6B-5ACA-42AE-88A3-4C30F065C20E}.Debug|Any CPU.Build.0 = Debug|Any CPU
		{82319A6B-5ACA-42AE-88A3-4C30F065C20E}.Release|Any CPU.ActiveCfg = Release|Any CPU
		{82319A6B-5ACA-42AE-88A3-4C30F065C20E}.Release|Any CPU.Build.0 = Release|Any CPU
	EndGlobalSection
	GlobalSection(SolutionProperties) = preSolution
		HideSolutionNode = FALSE
	EndGlobalSection
	GlobalSection(ExtensibilityGlobals) = postSolution
		SolutionGuid = {A871F1BA-D814-42F4-A62E-F4848CD8CF17}
	EndGlobalSection
EndGlobal
