
Microsoft Visual Studio Solution File, Format Version 12.00
# Visual Studio Version 17
VisualStudioVersion = 17.5.33516.290
MinimumVisualStudioVersion = 10.0.40219.1
Project("{FAE04EC0-301F-11D3-BF4B-00C04F79EFBC}") = "ReSOSgame", "ReSOSgame\ReSOSgame.csproj", "{747CD1C3-D992-429E-9667-0EE5562DBB4C}"
EndProject
Project("{FAE04EC0-301F-11D3-BF4B-00C04F79EFBC}") = "PruebasSOSgame", "PruebasSOSgame\PruebasSOSgame.csproj", "{4AF453BC-4860-467F-AD7B-F9F9E723851D}"
EndProject
Global
	GlobalSection(SolutionConfigurationPlatforms) = preSolution
		Debug|Any CPU = Debug|Any CPU
		Release|Any CPU = Release|Any CPU
	EndGlobalSection
	GlobalSection(ProjectConfigurationPlatforms) = postSolution
		{747CD1C3-D992-429E-9667-0EE5562DBB4C}.Debug|Any CPU.ActiveCfg = Debug|Any CPU
		{747CD1C3-D992-429E-9667-0EE5562DBB4C}.Debug|Any CPU.Build.0 = Debug|Any CPU
		{747CD1C3-D992-429E-9667-0EE5562DBB4C}.Release|Any CPU.ActiveCfg = Release|Any CPU
		{747CD1C3-D992-429E-9667-0EE5562DBB4C}.Release|Any CPU.Build.0 = Release|Any CPU
		{4AF453BC-4860-467F-AD7B-F9F9E723851D}.Debug|Any CPU.ActiveCfg = Debug|Any CPU
		{4AF453BC-4860-467F-AD7B-F9F9E723851D}.Debug|Any CPU.Build.0 = Debug|Any CPU
		{4AF453BC-4860-467F-AD7B-F9F9E723851D}.Release|Any CPU.ActiveCfg = Release|Any CPU
		{4AF453BC-4860-467F-AD7B-F9F9E723851D}.Release|Any CPU.Build.0 = Release|Any CPU
	EndGlobalSection
	GlobalSection(SolutionProperties) = preSolution
		HideSolutionNode = FALSE
	EndGlobalSection
	GlobalSection(ExtensibilityGlobals) = postSolution
		SolutionGuid = {CCD6FE48-F070-446C-A899-D4F96F5A2F18}
	EndGlobalSection
EndGlobal
